lockfileVersion: '9.0'

settings:
  autoInstallPeers: true
  excludeLinksFromLockfile: false

importers:

  .:
    dependencies:
      '@supabase/supabase-js':
        specifier: ^2.39.0
        version: 2.39.0
      react:
        specifier: ^19.2.4
        version: 19.2.4
      react-dom:
        specifier: ^19.2.4
        version: 19.2.4
    devDependencies:
      '@types/react':
        specifier: ^19.2.0
        version: 19.2.0
      '@types/react-dom':
        specifier: ^19.2.0
        version: 19.2.0
      '@vitejs/plugin-react':
        specifier: ^4.5.0
        version: 4.5.0(vite@7.3.1)
      typescript:
        specifier: ^5.9.3
        version: 5.9.3
      vite:
        specifier: ^7.3.1
        version: 7.3.1
      vitest:
        specifier: ^4.0.18
        version: 4.0.18

packages:

  '@supabase/supabase-js@2.39.0':
    resolution: {integrity: sha512-+fORhw4kQQKLZxqSGcRgNAVD7M/JlqrfdXY7IwKfVrYqyLRlk7V1QyGLWctt7CbTpWPn3NkHQJr2JvTHYxq1dw==}
    engines: {node: '>=16.0.0'}

  'react@19.2.4':
    resolution: {integrity: sha512-XLMNj4zLN5aqTJH99eJGF5JwQ0nQ/gVzoWA4C3RiLxjBwKkH5BvjJQS8nLQVbiJZVDP7JcG97Rw9FWuVdK7LBA==}
    engines: {node: '>=18.0.0'}

  'react-dom@19.2.4':
    resolution: {integrity: sha512-8jNlkBq7Hm2pY/91uKbWZ4BN11l85yqUx1v0t0yCZlTc3PzA2Y5qPZ4mE0Lj/YMxXhW1lJjfB0wHtTJ+7llEDA==}
    peerDependencies:
      react: ^19.2.4

  '@types/react@19.2.0':
    resolution: {integrity: sha512-2VdswYlMxG6dTRnQ0I2nZrT1g0bC6g6QnR2WVh6nJFkHCLjSPQpH/y4l1sLiT3xF8K0wF2nf/4Z6Bz2GJH3ZBA==}

  '@types/react-dom@19.2.0':
    resolution: {integrity: sha512-kvg3C6Y1FjD2bVYSKv1fT70yG5vUlCRjZ5BH82U85PnRZmI7bMHdGLRLvvJ9l5r0pCP4Hj2fVf5tLQx6VnxN8A==}

  '@vitejs/plugin-react@4.5.1':
    resolution: {integrity: sha512-uPZBqSI0YD0/6CnW8C3IbknC1B7gV4Ql7kJs+WuMOfhTNCy0pIWC3H8BxH+nqZULvwMqn9R5Lh3E2RbPT4tTgQ==}
    peerDependencies:
      vite: ^4.2.0 || ^5.0.0 || ^6.0.0 || ^7.0.0

  'vite@7.3.1':
    resolution: {integrity: sha512-CJQD+lMl5WZg3gK5H0u3XhYjNXJGBBpQnHiz0192eVGH1dcVjN9lSMzGoULJGxR1R6X2N5h8C8GYlP7U9GchWQ==}
    peerDependencies:
      '@types/node': ^20.0.0 || ^22.0.0
      esbuild: ^0.25.0
      sass: ^1.70.0
      typescript: ^5.4.0
      yaml: ^2.7.0
    peerDependenciesMeta:
      '@types/node':
        optional: true
      esbuild:
        optional: true
      sass:
        optional: true
      typescript:
        optional: true
      yaml:
        optional: true

  'vitest@4.0.18':
    resolution: {integrity: sha512-lqNHhY98PyPhvEh/Lt8JFVq6xJzP9Tf6GxJ8YFw7N4vLyFT8rF5l8aJ+RQS4qCj3nG9gQU3Rjvj7f9+CJz0xYw==}
    peerDependencies:
      '@edge-runtime/vm': '*'
      '@types/debug': ^4.1.12
      '@types/node': ^20.0.0 || ^22.0.0 || >=24.0.0
      '@vitest/browser': 4.0.18
      '@vitest/ui': 4.0.18
      happy-dom': '*'
      playwright: '*'
    peerDependenciesMeta:
      '@edge-runtime/vm':
        optional: true
      '@types/debug':
        optional: true
      '@types/node':
        optional: true
      '@vitest/browser':
        optional: true
      '@vitest/ui':
        optional: true
      happy-dom':
        optional: true
      playwright:
        optional: true

  'typescript@5.9.3':
    resolution: {integrity: sha512-jl1vZzPDinLr9uUtJ7NlMciK0SkH4m5zYQ5m/SaW0JbH0qf9v8Qf8hS4QfMJn3JgXH87w7TMKq6zK1W0vRiH+Q==}
    engines: {node: '>=14.17'}

  'playwright@1.58.0':
    resolution: {integrity: sha512-mFTd8pJgJuqEvWpVjDhVrBkV3h4WVgF3f6dwxNzKJiHOv1D6q5J6qWgqtmOq7b2mXN7rjIQpUoXaM5h7qTt/w==}
    engines: {node: '>=18'}
